
Microsoft Visual Studio Solution File, Format Version 12.00
# Visual Studio Version 17
VisualStudioVersion = 17.3.32819.101
MinimumVisualStudioVersion = 10.0.40219.1
Project("{FAE04EC0-301F-11D3-BF4B-00C04F79EFBC}") = "NVOS.Core", "NVOS.Core\NVOS.Core.csproj", "{43CC341F-19B3-45EA-87B5-454EDF85317D}"
EndProject
Project("{FAE04EC0-301F-11D3-BF4B-00C04F79EFBC}") = "Test", "Test\Test.csproj", "{00E25BFD-07D1-42E4-A983-87EB7E7CD843}"
EndProject
Global
	GlobalSection(SolutionConfigurationPlatforms) = preSolution
		Debug|Any CPU = Debug|Any CPU
		Release|Any CPU = Release|Any CPU
	EndGlobalSection
	GlobalSection(ProjectConfigurationPlatforms) = postSolution
		{43CC341F-19B3-45EA-87B5-454EDF85317D}.Debug|Any CPU.ActiveCfg = Debug|Any CPU
		{43CC341F-19B3-45EA-87B5-454EDF85317D}.Debug|Any CPU.Build.0 = Debug|Any CPU
		{43CC341F-19B3-45EA-87B5-454EDF85317D}.Release|Any CPU.ActiveCfg = Release|Any CPU
		{43CC341F-19B3-45EA-87B5-454EDF85317D}.Release|Any CPU.Build.0 = Release|Any CPU
		{00E25BFD-07D1-42E4-A983-87EB7E7CD843}.Debug|Any CPU.ActiveCfg = Debug|Any CPU
		{00E25BFD-07D1-42E4-A983-87EB7E7CD843}.Debug|Any CPU.Build.0 = Debug|Any CPU
		{00E25BFD-07D1-42E4-A983-87EB7E7CD843}.Release|Any CPU.ActiveCfg = Release|Any CPU
		{00E25BFD-07D1-42E4-A983-87EB7E7CD843}.Release|Any CPU.Build.0 = Release|Any CPU
	EndGlobalSection
	GlobalSection(SolutionProperties) = preSolution
		HideSolutionNode = FALSE
	EndGlobalSection
	GlobalSection(ExtensibilityGlobals) = postSolution
		SolutionGuid = {02271C25-FCE8-4800-B0DB-DCD45DBBFD2E}
	EndGlobalSection
EndGlobal
